# This file is automatically @generated by Poetry 1.8.3 and should not be changed by hand.

[[package]]
name = "pygame-ce"
version = "2.5.1"
description = "Python Game Development"
optional = false
python-versions = ">=3.8"
files = [
    {file = "pygame_ce-2.5.1-cp310-cp310-macosx_10_11_x86_64.whl", hash = "sha256:325bf9f744d40f91e62407246da3cd42f894cabe50f81e4e3f741ffa63db520f"},
    {file = "pygame_ce-2.5.1-cp310-cp310-macosx_11_0_arm64.whl", hash = "sha256:2c42509798a1ee9ab75eb5e186408f2fd7f2b2d9e80e3162bcc670d8c19f1c18"},
    {file = "pygame_ce-2.5.1-cp310-cp310-manylinux_2_17_aarch64.manylinux2014_aarch64.whl", hash = "sha256:b4991ffc389c79055b14b5509d194cee717c285b2a935d74dbb9d48430dc6c26"},
    {file = "pygame_ce-2.5.1-cp310-cp310-manylinux_2_17_i686.manylinux2014_i686.whl", hash = "sha256:88d29da756e8d33550548b436607ebb505792be4ca78e461d888c7f12d94fa6d"},
    {file = "pygame_ce-2.5.1-cp310-cp310-manylinux_2_17_x86_64.manylinux2014_x86_64.whl", hash = "sha256:a0ee6592c1417c4d1518378aa2deaada525c2e536264d4ee7d2e921461cae6ed"},
    {file = "pygame_ce-2.5.1-cp310-cp310-win32.whl", hash = "sha256:a808fdd017df8e59602c319d961f90a9b4b80d3496a336c14588d57b47b39055"},
    {file = "pygame_ce-2.5.1-cp310-cp310-win_amd64.whl", hash = "sha256:8804297c5ad7320bfc38379f7f6cd2f526c8f02b7bd122704fbc2356b29a67b0"},
    {file = "pygame_ce-2.5.1-cp311-cp311-macosx_10_11_x86_64.whl", hash = "sha256:35a10b28d0352f6f38517878f6b9e8ec111abe868b13553e28bee4ed5d4a5c3c"},
    {file = "pygame_ce-2.5.1-cp311-cp311-macosx_11_0_arm64.whl", hash = "sha256:4e533900b97b77c42386b763c66700d4ccd94f84a9db58866e88e72ac5598f60"},
    {file = "pygame_ce-2.5.1-cp311-cp311-manylinux_2_17_aarch64.manylinux2014_aarch64.whl", hash = "sha256:532b1d2a6aca524ac83e93b1eb0ddb638661733288646f7b21a26f9ff3b505fc"},
    {file = "pygame_ce-2.5.1-cp311-cp311-manylinux_2_17_i686.manylinux2014_i686.whl", hash = "sha256:ada79158fe7cb0461139089dc3e913dcc58127f463d93bdc28166736b9cdf520"},
    {file = "pygame_ce-2.5.1-cp311-cp311-manylinux_2_17_x86_64.manylinux2014_x86_64.whl", hash = "sha256:b78c82a63351cd4ab5479604ce46d67692450bfefdc02679e629bf0b300f865a"},
    {file = "pygame_ce-2.5.1-cp311-cp311-win32.whl", hash = "sha256:89cd776f38dc72ab6aca5b80b4db8c0702bb071951d37974700cb3674f22a3ed"},
    {file = "pygame_ce-2.5.1-cp311-cp311-win_amd64.whl", hash = "sha256:6bbec746b9773f742d19834882a73cb7df1a20a7da5d07290054f79ed71cac30"},
    {file = "pygame_ce-2.5.1-cp312-cp312-macosx_10_11_x86_64.whl", hash = "sha256:a4c1f2d1968b9f2eae5c8d822409500f3d77bf2be303076c6760d02d585fbd2f"},
    {file = "pygame_ce-2.5.1-cp312-cp312-macosx_11_0_arm64.whl", hash = "sha256:1df2e1e864581316bd765c7237a65f215d5ab2fcdb471a78e9163f7c25000440"},
    {file = "pygame_ce-2.5.1-cp312-cp312-manylinux_2_17_aarch64.manylinux2014_aarch64.whl", hash = "sha256:b4eff815d597b196dd182add7af607a9f121e3a737a83b847186654b8d8133c2"},
    {file = "pygame_ce-2.5.1-cp312-cp312-manylinux_2_17_i686.manylinux2014_i686.whl", hash = "sha256:2c4119b3991f39fe6def037b7843b0c5668800a3265e2f896eaff6a87d361db5"},
    {file = "pygame_ce-2.5.1-cp312-cp312-manylinux_2_17_x86_64.manylinux2014_x86_64.whl", hash = "sha256:a3c09c53f4e1dea3e674943e5ee34fadaf2e659deb8db197edea5851e0ef30b3"},
    {file = "pygame_ce-2.5.1-cp312-cp312-win32.whl", hash = "sha256:bf5b09513a8444570f097b04cfc26754a0a15453397ab635e22f8626ea6724fc"},
    {file = "pygame_ce-2.5.1-cp312-cp312-win_amd64.whl", hash = "sha256:915e66e27ec5716027393128114a6c753272815f9c85d43ccda2c8de8fafeaed"},
    {file = "pygame_ce-2.5.1-cp313-cp313-macosx_10_13_x86_64.whl", hash = "sha256:d50d5fdd9cbfac092b482209b5a077ec14ab5bd321cb8098e3594ecaa5695962"},
    {file = "pygame_ce-2.5.1-cp313-cp313-macosx_11_0_arm64.whl", hash = "sha256:c6c0c0fd3099ed1da16826fb9b9c784e6bcf95c30ec3b4eb9f60866f0548a9aa"},
    {file = "pygame_ce-2.5.1-cp313-cp313-manylinux_2_17_aarch64.manylinux2014_aarch64.whl", hash = "sha256:7ae9a7ba1a8ad3c3fa5c6b1e3bff449283d45be271b1c54fdfa6cf945d0b34f3"},
    {file = "pygame_ce-2.5.1-cp313-cp313-manylinux_2_17_i686.manylinux2014_i686.whl", hash = "sha256:c6f26b8beac32d3cad2fc02e265d99caf85744162ad22159a060857ad6eae12f"},
    {file = "pygame_ce-2.5.1-cp313-cp313-manylinux_2_17_x86_64.manylinux2014_x86_64.whl", hash = "sha256:ac0059a584c38e6515632d22ddf0e6edaf09ea1ad8f51dadd62323db6ebc3574"},
    {file = "pygame_ce-2.5.1-cp313-cp313-win32.whl", hash = "sha256:3199f02bbe97f4a54ab57ee19c7f8ca08504b8dcef0d991b2295e9daeaf5da31"},
    {file = "pygame_ce-2.5.1-cp313-cp313-win_amd64.whl", hash = "sha256:0c2469b86f4824b8cbd2de01a339412291c6a400f91cfb6839dd4e7e60ca93db"},
    {file = "pygame_ce-2.5.1-cp38-cp38-macosx_10_11_x86_64.whl", hash = "sha256:ef11044ad5e6b67c719494ca1b768b250d726a6bae1f11f600a51638592bfad8"},
    {file = "pygame_ce-2.5.1-cp38-cp38-macosx_11_0_arm64.whl", hash = "sha256:ab6e0cb8c7ff8d2cedb3aac8c0cd75cf32eccef10019dbe974ecbe5d14e22d7e"},
    {file = "pygame_ce-2.5.1-cp38-cp38-manylinux_2_17_aarch64.manylinux2014_aarch64.whl", hash = "sha256:23a94028cb5468e9ba29c9e45c75c1e798a92adbf7e3e7388c22d6c9af38ca5f"},
    {file = "pygame_ce-2.5.1-cp38-cp38-manylinux_2_17_i686.manylinux2014_i686.whl", hash = "sha256:0e3da48918d0b4b264b68c5ced22d40295fbf06a5bdfd47e4107c0a1713db407"},
    {file = "pygame_ce-2.5.1-cp38-cp38-manylinux_2_17_x86_64.manylinux2014_x86_64.whl", hash = "sha256:1a3df7e9d8ed9847c25b90fa1b0b9518f781610c5886b277b6bd1c83a1b38030"},
    {file = "pygame_ce-2.5.1-cp38-cp38-win32.whl", hash = "sha256:fdcf7dd15719a83c5b3d657506e95c13fa9fc52729a74f656bf7e27fbcf2af0e"},
    {file = "pygame_ce-2.5.1-cp38-cp38-win_amd64.whl", hash = "sha256:abc3ddb15ccb05ae72eb1bcce0457fec94d3050e5967d0a782004de314898981"},
    {file = "pygame_ce-2.5.1-cp39-cp39-macosx_10_11_x86_64.whl", hash = "sha256:15d9c235fb6c4ced9d13bf020ebf956e01a68f24a57a0aa6f415ef5c1a3e51fe"},
    {file = "pygame_ce-2.5.1-cp39-cp39-macosx_11_0_arm64.whl", hash = "sha256:456e8c18e6e5b5033462563a4f5e91ab14b661fa237aaf2566f65dc4d3481319"},
    {file = "pygame_ce-2.5.1-cp39-cp39-manylinux_2_17_aarch64.manylinux2014_aarch64.whl", hash = "sha256:a90e960bb29e1b1b8f9f356d089edccf66b5f4d7fc25399f057efedcb30d6bc0"},
    {file = "pygame_ce-2.5.1-cp39-cp39-manylinux_2_17_i686.manylinux2014_i686.whl", hash = "sha256:1ff8fed0ed18633ff5fca1a49482f67348b417990805356d94ec84084d902192"},
    {file = "pygame_ce-2.5.1-cp39-cp39-manylinux_2_17_x86_64.manylinux2014_x86_64.whl", hash = "sha256:846c38ea51853de0fe49fb6e05e8efe9ee1dfd765bcf5162294587cd2f5316b8"},
    {file = "pygame_ce-2.5.1-cp39-cp39-win32.whl", hash = "sha256:4ecfc0c622e8378675e8dc484720d1e215243ada20b4902b9e5def773a263923"},
    {file = "pygame_ce-2.5.1-cp39-cp39-win_amd64.whl", hash = "sha256:90482855cf6d0c2c2b97f7b3f90caa1c1097dc417ba416e1272c43956f510673"},
    {file = "pygame_ce-2.5.1-pp310-pypy310_pp73-macosx_10_15_x86_64.whl", hash = "sha256:dac412cc23b127a5aae475e3422e5289057a6d7200ef2f05bc00981fe18f42f5"},
    {file = "pygame_ce-2.5.1-pp310-pypy310_pp73-macosx_11_0_arm64.whl", hash = "sha256:bab8aed77355dd4482df6a53b20555b7f28b95f0ebd7bd2f7de762c3593c20d6"},
    {file = "pygame_ce-2.5.1-pp310-pypy310_pp73-manylinux_2_17_aarch64.manylinux2014_aarch64.whl", hash = "sha256:f8bcfb8e4cc15d9fbcdbcb6888f98603f45478d58ead9bf3fd029c6040d37290"},
    {file = "pygame_ce-2.5.1-pp310-pypy310_pp73-manylinux_2_17_i686.manylinux2014_i686.whl", hash = "sha256:a38883f820746f41cfc655fe563f6ada8be1e737b1eff12beeac7e0d9eca7c7c"},
    {file = "pygame_ce-2.5.1-pp310-pypy310_pp73-manylinux_2_17_x86_64.manylinux2014_x86_64.whl", hash = "sha256:e74230e95637bfe0b8b0d8e1e0954060277e0d273dbadd2c0f7a1a61632c8401"},
    {file = "pygame_ce-2.5.1-pp310-pypy310_pp73-win_amd64.whl", hash = "sha256:f59e4a1324f0184f5619c506104cd36eb992c824b3ff82daab69f143e491e8ce"},
    {file = "pygame_ce-2.5.1-pp38-pypy38_pp73-macosx_10_11_x86_64.whl", hash = "sha256:604c1ac0e9c2852397f20be852ee1ca850276cd35244417868ed289732f97b19"},
    {file = "pygame_ce-2.5.1-pp38-pypy38_pp73-macosx_11_0_arm64.whl", hash = "sha256:fbfd96109ad8e2528d62c0acd35c6b935a3e28f637fd0a9fa6323a2d16a7e6aa"},
    {file = "pygame_ce-2.5.1-pp38-pypy38_pp73-manylinux_2_17_aarch64.manylinux2014_aarch64.whl", hash = "sha256:dcb58dc6854bf2f75794ca01a690ab793aca41ef777559a58cc4791e291ec149"},
    {file = "pygame_ce-2.5.1-pp38-pypy38_pp73-manylinux_2_17_i686.manylinux2014_i686.whl", hash = "sha256:54c035aa9c70e10d82f6765b51a52e85642b0d6d3433a5de55bd03b7bd372ae9"},
    {file = "pygame_ce-2.5.1-pp38-pypy38_pp73-manylinux_2_17_x86_64.manylinux2014_x86_64.whl", hash = "sha256:4659d5611c0cfdf78a20c824abe48d0c6035fe1525c2fc951afbb7969f8b90af"},
    {file = "pygame_ce-2.5.1-pp38-pypy38_pp73-win_amd64.whl", hash = "sha256:30d928469f7fbfd1e04d9f081615aa775bf25876a0a7f1ef71b939012adacb56"},
    {file = "pygame_ce-2.5.1-pp39-pypy39_pp73-macosx_10_15_x86_64.whl", hash = "sha256:0699e6587b66bdc70f67d396f1a45a32eddef8b1f24c8061d0b920c8f9874cb8"},
    {file = "pygame_ce-2.5.1-pp39-pypy39_pp73-macosx_11_0_arm64.whl", hash = "sha256:cd4513f6259ed369d0d8f28d4eb02f2460f536ac697422984378bdaed27d1489"},
    {file = "pygame_ce-2.5.1-pp39-pypy39_pp73-manylinux_2_17_aarch64.manylinux2014_aarch64.whl", hash = "sha256:c0dbc9fd4ca0bdc7d19b3595defbb27a0a7157da312aa862435377e41aa972c3"},
    {file = "pygame_ce-2.5.1-pp39-pypy39_pp73-manylinux_2_17_i686.manylinux2014_i686.whl", hash = "sha256:4ee80684ef5695a3a433e573838c373f9e991a2ff05cc5aa412847443cb9444d"},
    {file = "pygame_ce-2.5.1-pp39-pypy39_pp73-manylinux_2_17_x86_64.manylinux2014_x86_64.whl", hash = "sha256:0730090e2cefa432fe114a73e253b3e6e58d5d7c200f676669f1ecdf58b48bf0"},
    {file = "pygame_ce-2.5.1-pp39-pypy39_pp73-win_amd64.whl", hash = "sha256:c9efee0fe53d864995f0b9f20cde7946fa0f27b03c71b89f9d8afe6ce5fb3c70"},
    {file = "pygame_ce-2.5.1.tar.gz", hash = "sha256:8e4bb06dede680cd491fbc27293587af51b5dc2205852b5e53c8ed247f984efe"},
]

[metadata]
lock-version = "2.0"
python-versions = "^3.11"
content-hash = "26c5f9314909e4172011fe0b10cc6aaaeb92ccf040aad430d92e25bdea3b2491"
